// !$*UTF8*$!
{
	archiveVersion = 1;
	classes = {
	};
	objectVersion = 55;
	objects = {

/* Begin PBXBuildFile section */
		3A199A54288A5448008821CB /* AVKit.framework in Frameworks */ = {isa = PBXBuildFile; fileRef = 3A199A53288A5448008821CB /* AVKit.framework */; };
		3A199A56288A5693008821CB /* Constants.swift in Sources */ = {isa = PBXBuildFile; fileRef = 3A199A55288A5693008821CB /* Constants.swift */; };
		3A1A0E862886ACCE00AECED2 /* HomeViewRow.swift in Sources */ = {isa = PBXBuildFile; fileRef = 3A1A0E852886ACCE00AECED2 /* HomeViewRow.swift */; };
		3A7A0DCB288ED8700033EED0 /* RectangleCard.swift in Sources */ = {isa = PBXBuildFile; fileRef = 3A7A0DCA288ED8700033EED0 /* RectangleCard.swift */; };
		3A974ADF2883DF89003405B6 /* Models.swift in Sources */ = {isa = PBXBuildFile; fileRef = 3A974ADE2883DF89003405B6 /* Models.swift */; };
		3AC466B928897ADD002D61F9 /* ContentDetailView.swift in Sources */ = {isa = PBXBuildFile; fileRef = 3AC466B828897ADD002D61F9 /* ContentDetailView.swift */; };
		3AD3A3B92882963A007BBA97 /* LearningApp.swift in Sources */ = {isa = PBXBuildFile; fileRef = 3AD3A3B82882963A007BBA97 /* LearningApp.swift */; };
		3AD3A3BB2882963A007BBA97 /* HomeView.swift in Sources */ = {isa = PBXBuildFile; fileRef = 3AD3A3BA2882963A007BBA97 /* HomeView.swift */; };
		3AD3A3BD2882963D007BBA97 /* Assets.xcassets in Resources */ = {isa = PBXBuildFile; fileRef = 3AD3A3BC2882963D007BBA97 /* Assets.xcassets */; };
		3AD3A3C02882963D007BBA97 /* Preview Assets.xcassets in Resources */ = {isa = PBXBuildFile; fileRef = 3AD3A3BF2882963D007BBA97 /* Preview Assets.xcassets */; };
		3AD3A3CC288297D1007BBA97 /* ContentModel.swift in Sources */ = {isa = PBXBuildFile; fileRef = 3AD3A3CB288297D1007BBA97 /* ContentModel.swift */; };
		3AE55FAA288D499D002DD100 /* CodeTextView.swift in Sources */ = {isa = PBXBuildFile; fileRef = 3AE55FA9288D499D002DD100 /* CodeTextView.swift */; };
		3AFBCC6C2882DF3E007FF1DA /* data.json in Resources */ = {isa = PBXBuildFile; fileRef = 3AFBCC6A2882DF3E007FF1DA /* data.json */; };
		3AFBCC6D2882DF3E007FF1DA /* style.html in Resources */ = {isa = PBXBuildFile; fileRef = 3AFBCC6B2882DF3E007FF1DA /* style.html */; };
		3AFD8AC92887CE1900DC99DF /* ContentView.swift in Sources */ = {isa = PBXBuildFile; fileRef = 3AFD8AC82887CE1900DC99DF /* ContentView.swift */; };
		3AFD8ACB2887CECB00DC99DF /* ContentViewRow.swift in Sources */ = {isa = PBXBuildFile; fileRef = 3AFD8ACA2887CECB00DC99DF /* ContentViewRow.swift */; };
/* End PBXBuildFile section */

/* Begin PBXFileReference section */
		3A199A53288A5448008821CB /* AVKit.framework */ = {isa = PBXFileReference; lastKnownFileType = wrapper.framework; name = AVKit.framework; path = System/Library/Frameworks/AVKit.framework; sourceTree = SDKROOT; };
		3A199A55288A5693008821CB /* Constants.swift */ = {isa = PBXFileReference; lastKnownFileType = sourcecode.swift; path = Constants.swift; sourceTree = "<group>"; };
		3A1A0E852886ACCE00AECED2 /* HomeViewRow.swift */ = {isa = PBXFileReference; lastKnownFileType = sourcecode.swift; path = HomeViewRow.swift; sourceTree = "<group>"; };
		3A7A0DCA288ED8700033EED0 /* RectangleCard.swift */ = {isa = PBXFileReference; lastKnownFileType = sourcecode.swift; path = RectangleCard.swift; sourceTree = "<group>"; };
		3A974ADE2883DF89003405B6 /* Models.swift */ = {isa = PBXFileReference; lastKnownFileType = sourcecode.swift; path = Models.swift; sourceTree = "<group>"; };
		3AC466B828897ADD002D61F9 /* ContentDetailView.swift */ = {isa = PBXFileReference; lastKnownFileType = sourcecode.swift; path = ContentDetailView.swift; sourceTree = "<group>"; };
		3AD3A3B52882963A007BBA97 /* LearningApp.app */ = {isa = PBXFileReference; explicitFileType = wrapper.application; includeInIndex = 0; path = LearningApp.app; sourceTree = BUILT_PRODUCTS_DIR; };
		3AD3A3B82882963A007BBA97 /* LearningApp.swift */ = {isa = PBXFileReference; lastKnownFileType = sourcecode.swift; path = LearningApp.swift; sourceTree = "<group>"; };
		3AD3A3BA2882963A007BBA97 /* HomeView.swift */ = {isa = PBXFileReference; lastKnownFileType = sourcecode.swift; path = HomeView.swift; sourceTree = "<group>"; };
		3AD3A3BC2882963D007BBA97 /* Assets.xcassets */ = {isa = PBXFileReference; lastKnownFileType = folder.assetcatalog; path = Assets.xcassets; sourceTree = "<group>"; };
		3AD3A3BF2882963D007BBA97 /* Preview Assets.xcassets */ = {isa = PBXFileReference; lastKnownFileType = folder.assetcatalog; path = "Preview Assets.xcassets"; sourceTree = "<group>"; };
		3AD3A3CB288297D1007BBA97 /* ContentModel.swift */ = {isa = PBXFileReference; lastKnownFileType = sourcecode.swift; path = ContentModel.swift; sourceTree = "<group>"; };
		3AE55FA9288D499D002DD100 /* CodeTextView.swift */ = {isa = PBXFileReference; lastKnownFileType = sourcecode.swift; path = CodeTextView.swift; sourceTree = "<group>"; };
		3AFBCC6A2882DF3E007FF1DA /* data.json */ = {isa = PBXFileReference; fileEncoding = 4; lastKnownFileType = text.json; path = data.json; sourceTree = "<group>"; };
		3AFBCC6B2882DF3E007FF1DA /* style.html */ = {isa = PBXFileReference; fileEncoding = 4; lastKnownFileType = text.html; path = style.html; sourceTree = "<group>"; };
		3AFD8AC82887CE1900DC99DF /* ContentView.swift */ = {isa = PBXFileReference; lastKnownFileType = sourcecode.swift; path = ContentView.swift; sourceTree = "<group>"; };
		3AFD8ACA2887CECB00DC99DF /* ContentViewRow.swift */ = {isa = PBXFileReference; lastKnownFileType = sourcecode.swift; path = ContentViewRow.swift; sourceTree = "<group>"; };
/* End PBXFileReference section */

/* Begin PBXFrameworksBuildPhase section */
		3AD3A3B22882963A007BBA97 /* Frameworks */ = {
			isa = PBXFrameworksBuildPhase;
			buildActionMask = 2147483647;
			files = (
				3A199A54288A5448008821CB /* AVKit.framework in Frameworks */,
			);
			runOnlyForDeploymentPostprocessing = 0;
		};
/* End PBXFrameworksBuildPhase section */

/* Begin PBXGroup section */
		3A199A52288A5448008821CB /* Frameworks */ = {
			isa = PBXGroup;
			children = (
				3A199A53288A5448008821CB /* AVKit.framework */,
			);
			name = Frameworks;
			sourceTree = "<group>";
		};
		3AD3A3AC2882963A007BBA97 = {
			isa = PBXGroup;
			children = (
				3AD3A3B72882963A007BBA97 /* LearningApp */,
				3AD3A3B62882963A007BBA97 /* Products */,
				3A199A52288A5448008821CB /* Frameworks */,
			);
			sourceTree = "<group>";
		};
		3AD3A3B62882963A007BBA97 /* Products */ = {
			isa = PBXGroup;
			children = (
				3AD3A3B52882963A007BBA97 /* LearningApp.app */,
			);
			name = Products;
			sourceTree = "<group>";
		};
		3AD3A3B72882963A007BBA97 /* LearningApp */ = {
			isa = PBXGroup;
			children = (
				3AD3A3B82882963A007BBA97 /* LearningApp.swift */,
				3AD3A3CA28829782007BBA97 /* Views */,
				3AD3A3C928829776007BBA97 /* ViewModels */,
				3AD3A3C828829765007BBA97 /* Models */,
				3AD3A3C728829757007BBA97 /* Resources */,
				3AD3A3C62882974C007BBA97 /* Helpers */,
				3AD3A3BC2882963D007BBA97 /* Assets.xcassets */,
				3AD3A3BE2882963D007BBA97 /* Preview Content */,
			);
			path = LearningApp;
			sourceTree = "<group>";
		};
		3AD3A3BE2882963D007BBA97 /* Preview Content */ = {
			isa = PBXGroup;
			children = (
				3AD3A3BF2882963D007BBA97 /* Preview Assets.xcassets */,
			);
			path = "Preview Content";
			sourceTree = "<group>";
		};
		3AD3A3C62882974C007BBA97 /* Helpers */ = {
			isa = PBXGroup;
			children = (
			);
			path = Helpers;
			sourceTree = "<group>";
		};
		3AD3A3C728829757007BBA97 /* Resources */ = {
			isa = PBXGroup;
			children = (
				3AFBCC6A2882DF3E007FF1DA /* data.json */,
				3AFBCC6B2882DF3E007FF1DA /* style.html */,
				3A199A55288A5693008821CB /* Constants.swift */,
			);
			path = Resources;
			sourceTree = "<group>";
		};
		3AD3A3C828829765007BBA97 /* Models */ = {
			isa = PBXGroup;
			children = (
				3A974ADE2883DF89003405B6 /* Models.swift */,
			);
			path = Models;
			sourceTree = "<group>";
		};
		3AD3A3C928829776007BBA97 /* ViewModels */ = {
			isa = PBXGroup;
			children = (
				3AD3A3CB288297D1007BBA97 /* ContentModel.swift */,
			);
			path = ViewModels;
			sourceTree = "<group>";
		};
		3AD3A3CA28829782007BBA97 /* Views */ = {
			isa = PBXGroup;
			children = (
				3AD3A3BA2882963A007BBA97 /* HomeView.swift */,
				3A1A0E852886ACCE00AECED2 /* HomeViewRow.swift */,
				3AFD8AC82887CE1900DC99DF /* ContentView.swift */,
				3AFD8ACA2887CECB00DC99DF /* ContentViewRow.swift */,
				3AC466B828897ADD002D61F9 /* ContentDetailView.swift */,
				3AE55FA9288D499D002DD100 /* CodeTextView.swift */,
				3A7A0DCA288ED8700033EED0 /* RectangleCard.swift */,
			);
			path = Views;
			sourceTree = "<group>";
		};
/* End PBXGroup section */

/* Begin PBXNativeTarget section */
		3AD3A3B42882963A007BBA97 /* LearningApp */ = {
			isa = PBXNativeTarget;
			buildConfigurationList = 3AD3A3C32882963D007BBA97 /* Build configuration list for PBXNativeTarget "LearningApp" */;
			buildPhases = (
				3AD3A3B12882963A007BBA97 /* Sources */,
				3AD3A3B22882963A007BBA97 /* Frameworks */,
				3AD3A3B32882963A007BBA97 /* Resources */,
			);
			buildRules = (
			);
			dependencies = (
			);
			name = LearningApp;
			productName = LearningApp;
			productReference = 3AD3A3B52882963A007BBA97 /* LearningApp.app */;
			productType = "com.apple.product-type.application";
		};
/* End PBXNativeTarget section */

/* Begin PBXProject section */
		3AD3A3AD2882963A007BBA97 /* Project object */ = {
			isa = PBXProject;
			attributes = {
				BuildIndependentTargetsInParallel = 1;
				LastSwiftUpdateCheck = 1320;
				LastUpgradeCheck = 1320;
				TargetAttributes = {
					3AD3A3B42882963A007BBA97 = {
						CreatedOnToolsVersion = 13.2.1;
					};
				};
			};
			buildConfigurationList = 3AD3A3B02882963A007BBA97 /* Build configuration list for PBXProject "LearningApp" */;
			compatibilityVersion = "Xcode 13.0";
			developmentRegion = en;
			hasScannedForEncodings = 0;
			knownRegions = (
				en,
				Base,
			);
			mainGroup = 3AD3A3AC2882963A007BBA97;
			productRefGroup = 3AD3A3B62882963A007BBA97 /* Products */;
			projectDirPath = "";
			projectRoot = "";
			targets = (
				3AD3A3B42882963A007BBA97 /* LearningApp */,
			);
		};
/* End PBXProject section */

/* Begin PBXResourcesBuildPhase section */
		3AD3A3B32882963A007BBA97 /* Resources */ = {
			isa = PBXResourcesBuildPhase;
			buildActionMask = 2147483647;
			files = (
				3AD3A3C02882963D007BBA97 /* Preview Assets.xcassets in Resources */,
				3AFBCC6C2882DF3E007FF1DA /* data.json in Resources */,
				3AFBCC6D2882DF3E007FF1DA /* style.html in Resources */,
				3AD3A3BD2882963D007BBA97 /* Assets.xcassets in Resources */,
			);
			runOnlyForDeploymentPostprocessing = 0;
		};
/* End PBXResourcesBuildPhase section */

/* Begin PBXSourcesBuildPhase section */
		3AD3A3B12882963A007BBA97 /* Sources */ = {
			isa = PBXSourcesBuildPhase;
			buildActionMask = 2147483647;
			files = (
				3AD3A3BB2882963A007BBA97 /* HomeView.swift in Sources */,
				3A1A0E862886ACCE00AECED2 /* HomeViewRow.swift in Sources */,
				3AFD8AC92887CE1900DC99DF /* ContentView.swift in Sources */,
				3AC466B928897ADD002D61F9 /* ContentDetailView.swift in Sources */,
				3AD3A3B92882963A007BBA97 /* LearningApp.swift in Sources */,
				3AFD8ACB2887CECB00DC99DF /* ContentViewRow.swift in Sources */,
				3AE55FAA288D499D002DD100 /* CodeTextView.swift in Sources */,
				3AD3A3CC288297D1007BBA97 /* ContentModel.swift in Sources */,
				3A199A56288A5693008821CB /* Constants.swift in Sources */,
				3A7A0DCB288ED8700033EED0 /* RectangleCard.swift in Sources */,
				3A974ADF2883DF89003405B6 /* Models.swift in Sources */,
			);
			runOnlyForDeploymentPostprocessing = 0;
		};
/* End PBXSourcesBuildPhase section */

/* Begin XCBuildConfiguration section */
		3AD3A3C12882963D007BBA97 /* Debug */ = {
			isa = XCBuildConfiguration;
			buildSettings = {
				ALWAYS_SEARCH_USER_PATHS = NO;
				CLANG_ANALYZER_NONNULL = YES;
				CLANG_ANALYZER_NUMBER_OBJECT_CONVERSION = YES_AGGRESSIVE;
				CLANG_CXX_LANGUAGE_STANDARD = "gnu++17";
				CLANG_CXX_LIBRARY = "libc++";
				CLANG_ENABLE_MODULES = YES;
				CLANG_ENABLE_OBJC_ARC = YES;
				CLANG_ENABLE_OBJC_WEAK = YES;
				CLANG_WARN_BLOCK_CAPTURE_AUTORELEASING = YES;
				CLANG_WARN_BOOL_CONVERSION = YES;
				CLANG_WARN_COMMA = YES;
				CLANG_WARN_CONSTANT_CONVERSION = YES;
				CLANG_WARN_DEPRECATED_OBJC_IMPLEMENTATIONS = YES;
				CLANG_WARN_DIRECT_OBJC_ISA_USAGE = YES_ERROR;
				CLANG_WARN_DOCUMENTATION_COMMENTS = YES;
				CLANG_WARN_EMPTY_BODY = YES;
				CLANG_WARN_ENUM_CONVERSION = YES;
				CLANG_WARN_INFINITE_RECURSION = YES;
				CLANG_WARN_INT_CONVERSION = YES;
				CLANG_WARN_NON_LITERAL_NULL_CONVERSION = YES;
				CLANG_WARN_OBJC_IMPLICIT_RETAIN_SELF = YES;
				CLANG_WARN_OBJC_LITERAL_CONVERSION = YES;
				CLANG_WARN_OBJC_ROOT_CLASS = YES_ERROR;
				CLANG_WARN_QUOTED_INCLUDE_IN_FRAMEWORK_HEADER = YES;
				CLANG_WARN_RANGE_LOOP_ANALYSIS = YES;
				CLANG_WARN_STRICT_PROTOTYPES = YES;
				CLANG_WARN_SUSPICIOUS_MOVE = YES;
				CLANG_WARN_UNGUARDED_AVAILABILITY = YES_AGGRESSIVE;
				CLANG_WARN_UNREACHABLE_CODE = YES;
				CLANG_WARN__DUPLICATE_METHOD_MATCH = YES;
				COPY_PHASE_STRIP = NO;
				DEBUG_INFORMATION_FORMAT = dwarf;
				ENABLE_STRICT_OBJC_MSGSEND = YES;
				ENABLE_TESTABILITY = YES;
				GCC_C_LANGUAGE_STANDARD = gnu11;
				GCC_DYNAMIC_NO_PIC = NO;
				GCC_NO_COMMON_BLOCKS = YES;
				GCC_OPTIMIZATION_LEVEL = 0;
				GCC_PREPROCESSOR_DEFINITIONS = (
					"DEBUG=1",
					"$(inherited)",
				);
				GCC_WARN_64_TO_32_BIT_CONVERSION = YES;
				GCC_WARN_ABOUT_RETURN_TYPE = YES_ERROR;
				GCC_WARN_UNDECLARED_SELECTOR = YES;
				GCC_WARN_UNINITIALIZED_AUTOS = YES_AGGRESSIVE;
				GCC_WARN_UNUSED_FUNCTION = YES;
				GCC_WARN_UNUSED_VARIABLE = YES;
				IPHONEOS_DEPLOYMENT_TARGET = 15.2;
				MTL_ENABLE_DEBUG_INFO = INCLUDE_SOURCE;
				MTL_FAST_MATH = YES;
				ONLY_ACTIVE_ARCH = YES;
				SDKROOT = iphoneos;
				SWIFT_ACTIVE_COMPILATION_CONDITIONS = DEBUG;
				SWIFT_OPTIMIZATION_LEVEL = "-Onone";
			};
			name = Debug;
		};
		3AD3A3C22882963D007BBA97 /* Release */ = {
			isa = XCBuildConfiguration;
			buildSettings = {
				ALWAYS_SEARCH_USER_PATHS = NO;
				CLANG_ANALYZER_NONNULL = YES;
				CLANG_ANALYZER_NUMBER_OBJECT_CONVERSION = YES_AGGRESSIVE;
				CLANG_CXX_LANGUAGE_STANDARD = "gnu++17";
				CLANG_CXX_LIBRARY = "libc++";
				CLANG_ENABLE_MODULES = YES;
				CLANG_ENABLE_OBJC_ARC = YES;
				CLANG_ENABLE_OBJC_WEAK = YES;
				CLANG_WARN_BLOCK_CAPTURE_AUTORELEASING = YES;
				CLANG_WARN_BOOL_CONVERSION = YES;
				CLANG_WARN_COMMA = YES;
				CLANG_WARN_CONSTANT_CONVERSION = YES;
				CLANG_WARN_DEPRECATED_OBJC_IMPLEMENTATIONS = YES;
				CLANG_WARN_DIRECT_OBJC_ISA_USAGE = YES_ERROR;
				CLANG_WARN_DOCUMENTATION_COMMENTS = YES;
				CLANG_WARN_EMPTY_BODY = YES;
				CLANG_WARN_ENUM_CONVERSION = YES;
				CLANG_WARN_INFINITE_RECURSION = YES;
				CLANG_WARN_INT_CONVERSION = YES;
				CLANG_WARN_NON_LITERAL_NULL_CONVERSION = YES;
				CLANG_WARN_OBJC_IMPLICIT_RETAIN_SELF = YES;
				CLANG_WARN_OBJC_LITERAL_CONVERSION = YES;
				CLANG_WARN_OBJC_ROOT_CLASS = YES_ERROR;
				CLANG_WARN_QUOTED_INCLUDE_IN_FRAMEWORK_HEADER = YES;
				CLANG_WARN_RANGE_LOOP_ANALYSIS = YES;
				CLANG_WARN_STRICT_PROTOTYPES = YES;
				CLANG_WARN_SUSPICIOUS_MOVE = YES;
				CLANG_WARN_UNGUARDED_AVAILABILITY = YES_AGGRESSIVE;
				CLANG_WARN_UNREACHABLE_CODE = YES;
				CLANG_WARN__DUPLICATE_METHOD_MATCH = YES;
				COPY_PHASE_STRIP = NO;
				DEBUG_INFORMATION_FORMAT = "dwarf-with-dsym";
				ENABLE_NS_ASSERTIONS = NO;
				ENABLE_STRICT_OBJC_MSGSEND = YES;
				GCC_C_LANGUAGE_STANDARD = gnu11;
				GCC_NO_COMMON_BLOCKS = YES;
				GCC_WARN_64_TO_32_BIT_CONVERSION = YES;
				GCC_WARN_ABOUT_RETURN_TYPE = YES_ERROR;
				GCC_WARN_UNDECLARED_SELECTOR = YES;
				GCC_WARN_UNINITIALIZED_AUTOS = YES_AGGRESSIVE;
				GCC_WARN_UNUSED_FUNCTION = YES;
				GCC_WARN_UNUSED_VARIABLE = YES;
				IPHONEOS_DEPLOYMENT_TARGET = 15.2;
				MTL_ENABLE_DEBUG_INFO = NO;
				MTL_FAST_MATH = YES;
				SDKROOT = iphoneos;
				SWIFT_COMPILATION_MODE = wholemodule;
				SWIFT_OPTIMIZATION_LEVEL = "-O";
				VALIDATE_PRODUCT = YES;
			};
			name = Release;
		};
		3AD3A3C42882963D007BBA97 /* Debug */ = {
			isa = XCBuildConfiguration;
			buildSettings = {
				ASSETCATALOG_COMPILER_APPICON_NAME = AppIcon;
				ASSETCATALOG_COMPILER_GLOBAL_ACCENT_COLOR_NAME = AccentColor;
				CODE_SIGN_IDENTITY = "Apple Development";
				CODE_SIGN_STYLE = Automatic;
				CURRENT_PROJECT_VERSION = 1;
				DEVELOPMENT_ASSET_PATHS = "\"LearningApp/Preview Content\"";
				DEVELOPMENT_TEAM = QK6494Q59N;
				ENABLE_PREVIEWS = YES;
				GENERATE_INFOPLIST_FILE = YES;
				INFOPLIST_KEY_UIApplicationSceneManifest_Generation = YES;
				INFOPLIST_KEY_UIApplicationSupportsIndirectInputEvents = YES;
				INFOPLIST_KEY_UILaunchScreen_Generation = YES;
				INFOPLIST_KEY_UISupportedInterfaceOrientations_iPad = "UIInterfaceOrientationPortrait UIInterfaceOrientationPortraitUpsideDown UIInterfaceOrientationLandscapeLeft UIInterfaceOrientationLandscapeRight";
				INFOPLIST_KEY_UISupportedInterfaceOrientations_iPhone = "UIInterfaceOrientationPortrait UIInterfaceOrientationLandscapeLeft UIInterfaceOrientationLandscapeRight";
				LD_RUNPATH_SEARCH_PATHS = (
					"$(inherited)",
					"@executable_path/Frameworks",
				);
				MARKETING_VERSION = 1.0;
				PRODUCT_BUNDLE_IDENTIFIER = com.pouriatolouei.LearningApp;
				PRODUCT_NAME = "$(TARGET_NAME)";
				PROVISIONING_PROFILE_SPECIFIER = "";
				SWIFT_EMIT_LOC_STRINGS = YES;
				SWIFT_VERSION = 5.0;
				TARGETED_DEVICE_FAMILY = "1,2";
			};
			name = Debug;
		};
		3AD3A3C52882963D007BBA97 /* Release */ = {
			isa = XCBuildConfiguration;
			buildSettings = {
				ASSETCATALOG_COMPILER_APPICON_NAME = AppIcon;
				ASSETCATALOG_COMPILER_GLOBAL_ACCENT_COLOR_NAME = AccentColor;
				CODE_SIGN_IDENTITY = "Apple Development";
				CODE_SIGN_STYLE = Automatic;
				CURRENT_PROJECT_VERSION = 1;
				DEVELOPMENT_ASSET_PATHS = "\"LearningApp/Preview Content\"";
				DEVELOPMENT_TEAM = QK6494Q59N;
				ENABLE_PREVIEWS = YES;
				GENERATE_INFOPLIST_FILE = YES;
				INFOPLIST_KEY_UIApplicationSceneManifest_Generation = YES;
				INFOPLIST_KEY_UIApplicationSupportsIndirectInputEvents = YES;
				INFOPLIST_KEY_UILaunchScreen_Generation = YES;
				INFOPLIST_KEY_UISupportedInterfaceOrientations_iPad = "UIInterfaceOrientationPortrait UIInterfaceOrientationPortraitUpsideDown UIInterfaceOrientationLandscapeLeft UIInterfaceOrientationLandscapeRight";
				INFOPLIST_KEY_UISupportedInterfaceOrientations_iPhone = "UIInterfaceOrientationPortrait UIInterfaceOrientationLandscapeLeft UIInterfaceOrientationLandscapeRight";
				LD_RUNPATH_SEARCH_PATHS = (
					"$(inherited)",
					"@executable_path/Frameworks",
				);
				MARKETING_VERSION = 1.0;
				PRODUCT_BUNDLE_IDENTIFIER = com.pouriatolouei.LearningApp;
				PRODUCT_NAME = "$(TARGET_NAME)";
				PROVISIONING_PROFILE_SPECIFIER = "";
				SWIFT_EMIT_LOC_STRINGS = YES;
				SWIFT_VERSION = 5.0;
				TARGETED_DEVICE_FAMILY = "1,2";
			};
			name = Release;
		};
/* End XCBuildConfiguration section */

/* Begin XCConfigurationList section */
		3AD3A3B02882963A007BBA97 /* Build configuration list for PBXProject "LearningApp" */ = {
			isa = XCConfigurationList;
			buildConfigurations = (
				3AD3A3C12882963D007BBA97 /* Debug */,
				3AD3A3C22882963D007BBA97 /* Release */,
			);
			defaultConfigurationIsVisible = 0;
			defaultConfigurationName = Release;
		};
		3AD3A3C32882963D007BBA97 /* Build configuration list for PBXNativeTarget "LearningApp" */ = {
			isa = XCConfigurationList;
			buildConfigurations = (
				3AD3A3C42882963D007BBA97 /* Debug */,
				3AD3A3C52882963D007BBA97 /* Release */,
			);
			defaultConfigurationIsVisible = 0;
			defaultConfigurationName = Release;
		};
/* End XCConfigurationList section */
	};
	rootObject = 3AD3A3AD2882963A007BBA97 /* Project object */;
}
